
Microsoft Visual Studio Solution File, Format Version 12.00
# Visual Studio Version 17
VisualStudioVersion = 17.5.33424.131
MinimumVisualStudioVersion = 10.0.40219.1
Project("{8BC9CEB8-8B4A-11D0-8D11-00A0C91BC942}") = "DOOM RESURRECTION", "DOOM RESURRECTION.vcxproj", "{B4449E8F-BBF4-495D-8839-26FB6218D04D}"
EndProject
Global
	GlobalSection(SolutionConfigurationPlatforms) = preSolution
		Debug|x64 = Debug|x64
		Debug|x86 = Debug|x86
		Release|x64 = Release|x64
		Release|x86 = Release|x86
	EndGlobalSection
	GlobalSection(ProjectConfigurationPlatforms) = postSolution
		{B4449E8F-BBF4-495D-8839-26FB6218D04D}.Debug|x64.ActiveCfg = Debug|x64
		{B4449E8F-BBF4-495D-8839-26FB6218D04D}.Debug|x64.Build.0 = Debug|x64
		{B4449E8F-BBF4-495D-8839-26FB6218D04D}.Debug|x86.ActiveCfg = Debug|Win32
		{B4449E8F-BBF4-495D-8839-26FB6218D04D}.Debug|x86.Build.0 = Debug|Win32
		{B4449E8F-BBF4-495D-8839-26FB6218D04D}.Release|x64.ActiveCfg = Release|x64
		{B4449E8F-BBF4-495D-8839-26FB6218D04D}.Release|x64.Build.0 = Release|x64
		{B4449E8F-BBF4-495D-8839-26FB6218D04D}.Release|x86.ActiveCfg = Release|Win32
		{B4449E8F-BBF4-495D-8839-26FB6218D04D}.Release|x86.Build.0 = Release|Win32
	EndGlobalSection
	GlobalSection(SolutionProperties) = preSolution
		HideSolutionNode = FALSE
	EndGlobalSection
	GlobalSection(ExtensibilityGlobals) = postSolution
		SolutionGuid = {17F7AA9B-A16E-45CF-BB65-4639AA98A0C8}
	EndGlobalSection
EndGlobal
